// !$*UTF8*$!
{
	archiveVersion = 1;
	classes = {
	};
	objectVersion = 46;
	objects = {

/* Begin PBXBuildFile section */
		333F68B01978CB760087BD82 /* main.swift in Sources */ = {isa = PBXBuildFile; fileRef = 333F68AF1978CB760087BD82 /* main.swift */; };
		333F68B91978CBD60087BD82 /* ZXMorse.swift in Sources */ = {isa = PBXBuildFile; fileRef = 333F68B81978CBD60087BD82 /* ZXMorse.swift */; };
/* End PBXBuildFile section */

/* Begin PBXCopyFilesBuildPhase section */
		333F68AA1978CB760087BD82 /* CopyFiles */ = {
			isa = PBXCopyFilesBuildPhase;
			buildActionMask = 2147483647;
			dstPath = /usr/share/man/man1/;
			dstSubfolderSpec = 0;
			files = (
			);
			runOnlyForDeploymentPostprocessing = 1;
		};
/* End PBXCopyFilesBuildPhase section */

/* Begin PBXFileReference section */
		333F68AC1978CB760087BD82 /* ZXMorse_demo */ = {isa = PBXFileReference; explicitFileType = "compiled.mach-o.executable"; includeInIndex = 0; path = ZXMorse_demo; sourceTree = BUILT_PRODUCTS_DIR; };
		333F68AF1978CB760087BD82 /* main.swift */ = {isa = PBXFileReference; lastKnownFileType = sourcecode.swift; path = main.swift; sourceTree = "<group>"; };
		333F68B81978CBD60087BD82 /* ZXMorse.swift */ = {isa = PBXFileReference; fileEncoding = 4; lastKnownFileType = sourcecode.swift; path = ZXMorse.swift; sourceTree = "<group>"; };
/* End PBXFileReference section */

/* Begin PBXFrameworksBuildPhase section */
		333F68A91978CB760087BD82 /* Frameworks */ = {
			isa = PBXFrameworksBuildPhase;
			buildActionMask = 2147483647;
			files = (
			);
			runOnlyForDeploymentPostprocessing = 0;
		};
/* End PBXFrameworksBuildPhase section */

/* Begin PBXGroup section */
		333F68A31978CB760087BD82 = {
			isa = PBXGroup;
			children = (
				333F68AE1978CB760087BD82 /* ZXMorse_demo */,
				333F68AD1978CB760087BD82 /* Products */,
			);
			sourceTree = "<group>";
		};
		333F68AD1978CB760087BD82 /* Products */ = {
			isa = PBXGroup;
			children = (
				333F68AC1978CB760087BD82 /* ZXMorse_demo */,
			);
			name = Products;
			sourceTree = "<group>";
		};
		333F68AE1978CB760087BD82 /* ZXMorse_demo */ = {
			isa = PBXGroup;
			children = (
				333F68B81978CBD60087BD82 /* ZXMorse.swift */,
				333F68AF1978CB760087BD82 /* main.swift */,
			);
			path = ZXMorse_demo;
			sourceTree = "<group>";
		};
/* End PBXGroup section */

/* Begin PBXNativeTarget section */
		333F68AB1978CB760087BD82 /* ZXMorse_demo */ = {
			isa = PBXNativeTarget;
			buildConfigurationList = 333F68B31978CB760087BD82 /* Build configuration list for PBXNativeTarget "ZXMorse_demo" */;
			buildPhases = (
				333F68A81978CB760087BD82 /* Sources */,
				333F68A91978CB760087BD82 /* Frameworks */,
				333F68AA1978CB760087BD82 /* CopyFiles */,
			);
			buildRules = (
			);
			dependencies = (
			);
			name = ZXMorse_demo;
			productName = ZXMorse_demo;
			productReference = 333F68AC1978CB760087BD82 /* ZXMorse_demo */;
			productType = "com.apple.product-type.tool";
		};
/* End PBXNativeTarget section */

/* Begin PBXProject section */
		333F68A41978CB760087BD82 /* Project object */ = {
			isa = PBXProject;
			attributes = {
				LastUpgradeCheck = 0600;
				ORGANIZATIONNAME = zhangxi;
				TargetAttributes = {
					333F68AB1978CB760087BD82 = {
						CreatedOnToolsVersion = 6.0;
					};
				};
			};
			buildConfigurationList = 333F68A71978CB760087BD82 /* Build configuration list for PBXProject "ZXMorse_demo" */;
			compatibilityVersion = "Xcode 3.2";
			developmentRegion = English;
			hasScannedForEncodings = 0;
			knownRegions = (
				en,
			);
			mainGroup = 333F68A31978CB760087BD82;
			productRefGroup = 333F68AD1978CB760087BD82 /* Products */;
			projectDirPath = "";
			projectRoot = "";
			targets = (
				333F68AB1978CB760087BD82 /* ZXMorse_demo */,
			);
		};
/* End PBXProject section */

/* Begin PBXSourcesBuildPhase section */
		333F68A81978CB760087BD82 /* Sources */ = {
			isa = PBXSourcesBuildPhase;
			buildActionMask = 2147483647;
			files = (
				333F68B91978CBD60087BD82 /* ZXMorse.swift in Sources */,
				333F68B01978CB760087BD82 /* main.swift in Sources */,
			);
			runOnlyForDeploymentPostprocessing = 0;
		};
/* End PBXSourcesBuildPhase section */

/* Begin XCBuildConfiguration section */
		333F68B11978CB760087BD82 /* Debug */ = {
			isa = XCBuildConfiguration;
			buildSettings = {
				ALWAYS_SEARCH_USER_PATHS = NO;
				CLANG_CXX_LANGUAGE_STANDARD = "gnu++0x";
				CLANG_CXX_LIBRARY = "libc++";
				CLANG_ENABLE_MODULES = YES;
				CLANG_ENABLE_OBJC_ARC = YES;
				CLANG_WARN_BOOL_CONVERSION = YES;
				CLANG_WARN_CONSTANT_CONVERSION = YES;
				CLANG_WARN_DIRECT_OBJC_ISA_USAGE = YES_ERROR;
				CLANG_WARN_EMPTY_BODY = YES;
				CLANG_WARN_ENUM_CONVERSION = YES;
				CLANG_WARN_INT_CONVERSION = YES;
				CLANG_WARN_OBJC_ROOT_CLASS = YES_ERROR;
				CLANG_WARN_UNREACHABLE_CODE = YES;
				CLANG_WARN__DUPLICATE_METHOD_MATCH = YES;
				COPY_PHASE_STRIP = NO;
				ENABLE_STRICT_OBJC_MSGSEND = YES;
				GCC_C_LANGUAGE_STANDARD = gnu99;
				GCC_DYNAMIC_NO_PIC = NO;
				GCC_OPTIMIZATION_LEVEL = 0;
				GCC_PREPROCESSOR_DEFINITIONS = (
					"DEBUG=1",
					"$(inherited)",
				);
				GCC_SYMBOLS_PRIVATE_EXTERN = NO;
				GCC_WARN_64_TO_32_BIT_CONVERSION = YES;
				GCC_WARN_ABOUT_RETURN_TYPE = YES_ERROR;
				GCC_WARN_UNDECLARED_SELECTOR = YES;
				GCC_WARN_UNINITIALIZED_AUTOS = YES_AGGRESSIVE;
				GCC_WARN_UNUSED_FUNCTION = YES;
				GCC_WARN_UNUSED_VARIABLE = YES;
				MACOSX_DEPLOYMENT_TARGET = 10.9;
				MTL_ENABLE_DEBUG_INFO = YES;
				ONLY_ACTIVE_ARCH = YES;
				SDKROOT = macosx;
				SWIFT_OPTIMIZATION_LEVEL = "-Onone";
			};
			name = Debug;
		};
		333F68B21978CB760087BD82 /* Release */ = {
			isa = XCBuildConfiguration;
			buildSettings = {
				ALWAYS_SEARCH_USER_PATHS = NO;
				CLANG_CXX_LANGUAGE_STANDARD = "gnu++0x";
				CLANG_CXX_LIBRARY = "libc++";
				CLANG_ENABLE_MODULES = YES;
				CLANG_ENABLE_OBJC_ARC = YES;
				CLANG_WARN_BOOL_CONVERSION = YES;
				CLANG_WARN_CONSTANT_CONVERSION = YES;
				CLANG_WARN_DIRECT_OBJC_ISA_USAGE = YES_ERROR;
				CLANG_WARN_EMPTY_BODY = YES;
				CLANG_WARN_ENUM_CONVERSION = YES;
				CLANG_WARN_INT_CONVERSION = YES;
				CLANG_WARN_OBJC_ROOT_CLASS = YES_ERROR;
				CLANG_WARN_UNREACHABLE_CODE = YES;
				CLANG_WARN__DUPLICATE_METHOD_MATCH = YES;
				COPY_PHASE_STRIP = YES;
				DEBUG_INFORMATION_FORMAT = "dwarf-with-dsym";
				ENABLE_NS_ASSERTIONS = NO;
				ENABLE_STRICT_OBJC_MSGSEND = YES;
				GCC_C_LANGUAGE_STANDARD = gnu99;
				GCC_WARN_64_TO_32_BIT_CONVERSION = YES;
				GCC_WARN_ABOUT_RETURN_TYPE = YES_ERROR;
				GCC_WARN_UNDECLARED_SELECTOR = YES;
				GCC_WARN_UNINITIALIZED_AUTOS = YES_AGGRESSIVE;
				GCC_WARN_UNUSED_FUNCTION = YES;
				GCC_WARN_UNUSED_VARIABLE = YES;
				MACOSX_DEPLOYMENT_TARGET = 10.9;
				MTL_ENABLE_DEBUG_INFO = NO;
				SDKROOT = macosx;
			};
			name = Release;
		};
		333F68B41978CB760087BD82 /* Debug */ = {
			isa = XCBuildConfiguration;
			buildSettings = {
				PRODUCT_NAME = "$(TARGET_NAME)";
			};
			name = Debug;
		};
		333F68B51978CB760087BD82 /* Release */ = {
			isa = XCBuildConfiguration;
			buildSettings = {
				PRODUCT_NAME = "$(TARGET_NAME)";
			};
			name = Release;
		};
/* End XCBuildConfiguration section */

/* Begin XCConfigurationList section */
		333F68A71978CB760087BD82 /* Build configuration list for PBXProject "ZXMorse_demo" */ = {
			isa = XCConfigurationList;
			buildConfigurations = (
				333F68B11978CB760087BD82 /* Debug */,
				333F68B21978CB760087BD82 /* Release */,
			);
			defaultConfigurationIsVisible = 0;
			defaultConfigurationName = Release;
		};
		333F68B31978CB760087BD82 /* Build configuration list for PBXNativeTarget "ZXMorse_demo" */ = {
			isa = XCConfigurationList;
			buildConfigurations = (
				333F68B41978CB760087BD82 /* Debug */,
				333F68B51978CB760087BD82 /* Release */,
			);
			defaultConfigurationIsVisible = 0;
			defaultConfigurationName = Release;
		};
/* End XCConfigurationList section */
	};
	rootObject = 333F68A41978CB760087BD82 /* Project object */;
}
